{
    "name": "cordova-plugin-auto",
    "version": "0.0.1",
    "lockfileVersion": 3,
    "requires": true,
    "packages": {
        "": {
            "name": "cordova-plugin-auto",
            "version": "0.0.1",
            "engines": [
                {
                    "name": "cordova",
                    "version": ">=5.0.0"
                }
            ],
            "license": "MIT"
        }
    }
}
